
Microsoft Visual Studio Solution File, Format Version 12.00
# Visual Studio Version 17
VisualStudioVersion = 17.4.33122.133
MinimumVisualStudioVersion = 10.0.40219.1
Project("{FAE04EC0-301F-11D3-BF4B-00C04F79EFBC}") = "eTickets", "eTickets.csproj", "{B13B0B35-C74B-4680-A995-31129C8BEF05}"
EndProject
Global
	GlobalSection(SolutionConfigurationPlatforms) = preSolution
		Debug|Any CPU = Debug|Any CPU
		Release|Any CPU = Release|Any CPU
	EndGlobalSection
	GlobalSection(ProjectConfigurationPlatforms) = postSolution
		{B13B0B35-C74B-4680-A995-31129C8BEF05}.Debug|Any CPU.ActiveCfg = Debug|Any CPU
		{B13B0B35-C74B-4680-A995-31129C8BEF05}.Debug|Any CPU.Build.0 = Debug|Any CPU
		{B13B0B35-C74B-4680-A995-31129C8BEF05}.Release|Any CPU.ActiveCfg = Release|Any CPU
		{B13B0B35-C74B-4680-A995-31129C8BEF05}.Release|Any CPU.Build.0 = Release|Any CPU
	EndGlobalSection
	GlobalSection(SolutionProperties) = preSolution
		HideSolutionNode = FALSE
	EndGlobalSection
	GlobalSection(ExtensibilityGlobals) = postSolution
		SolutionGuid = {43E2D0F8-4E2B-47DA-A4C1-578ED1D7EE42}
	EndGlobalSection
EndGlobal
